
Microsoft Visual Studio Solution File, Format Version 12.00
# Visual Studio Version 16
VisualStudioVersion = 16.0.31702.278
MinimumVisualStudioVersion = 10.0.40219.1
Project("{9A19103F-16F7-4668-BE54-9A1E7A4F7556}") = "ConsoleApp1", "ConsoleApp1.csproj", "{640C818A-12EE-401D-A451-F53088A48816}"
EndProject
Project("{FAE04EC0-301F-11D3-BF4B-00C04F79EFBC}") = "ClassLibrary1", "..\ClassLibrary1\ClassLibrary1.csproj", "{6624F1F7-95AC-4995-9FEF-D11AA5EE263E}"
EndProject
Project("{FAE04EC0-301F-11D3-BF4B-00C04F79EFBC}") = "WebApplication1", "..\WebApplication1\WebApplication1.csproj", "{B95907C3-6C86-42D4-9B24-A6CFB9822EBA}"
EndProject
Global
	GlobalSection(SolutionConfigurationPlatforms) = preSolution
		Debug|Any CPU = Debug|Any CPU
		Release|Any CPU = Release|Any CPU
	EndGlobalSection
	GlobalSection(ProjectConfigurationPlatforms) = postSolution
		{640C818A-12EE-401D-A451-F53088A48816}.Debug|Any CPU.ActiveCfg = Debug|Any CPU
		{640C818A-12EE-401D-A451-F53088A48816}.Debug|Any CPU.Build.0 = Debug|Any CPU
		{640C818A-12EE-401D-A451-F53088A48816}.Release|Any CPU.ActiveCfg = Release|Any CPU
		{640C818A-12EE-401D-A451-F53088A48816}.Release|Any CPU.Build.0 = Release|Any CPU
		{6624F1F7-95AC-4995-9FEF-D11AA5EE263E}.Debug|Any CPU.ActiveCfg = Debug|Any CPU
		{6624F1F7-95AC-4995-9FEF-D11AA5EE263E}.Debug|Any CPU.Build.0 = Debug|Any CPU
		{6624F1F7-95AC-4995-9FEF-D11AA5EE263E}.Release|Any CPU.ActiveCfg = Release|Any CPU
		{6624F1F7-95AC-4995-9FEF-D11AA5EE263E}.Release|Any CPU.Build.0 = Release|Any CPU
		{B95907C3-6C86-42D4-9B24-A6CFB9822EBA}.Debug|Any CPU.ActiveCfg = Debug|Any CPU
		{B95907C3-6C86-42D4-9B24-A6CFB9822EBA}.Debug|Any CPU.Build.0 = Debug|Any CPU
		{B95907C3-6C86-42D4-9B24-A6CFB9822EBA}.Release|Any CPU.ActiveCfg = Release|Any CPU
		{B95907C3-6C86-42D4-9B24-A6CFB9822EBA}.Release|Any CPU.Build.0 = Release|Any CPU
	EndGlobalSection
	GlobalSection(SolutionProperties) = preSolution
		HideSolutionNode = FALSE
	EndGlobalSection
	GlobalSection(ExtensibilityGlobals) = postSolution
		SolutionGuid = {105415E9-94CF-453E-8651-4452140A6EF4}
	EndGlobalSection
EndGlobal
